{
  "name": "pull-cursor-array",
  "version": "1.0.0",
  "lockfileVersion": 1,
  "requires": true,
  "dependencies": {
    "looper": {
      "version": "4.0.0",
      "resolved": "https://registry.npmjs.org/looper/-/looper-4.0.0.tgz",
      "integrity": "sha1-dwat7VmpntygbmtUu4bI7BnJUVU="
    },
    "ltgt": {
      "version": "2.2.1",
      "resolved": "https://registry.npmjs.org/ltgt/-/ltgt-2.2.1.tgz",
      "integrity": "sha1-81ypHEk/e3PaDgdJUwTxezH4fuU="
    },
    "pull-cursor": {
      "version": "3.0.0",
      "resolved": "https://registry.npmjs.org/pull-cursor/-/pull-cursor-3.0.0.tgz",
      "integrity": "sha512-95lZVSF2eSEdOmUtlOBaD9p5YOvlYeCr5FBv2ySqcj/4rpaXI6d8OH+zPHHjKAf58R8QXJRZuyfHkcCX8TZbAg==",
      "requires": {
        "looper": "^4.0.0",
        "ltgt": "^2.2.0",
        "pull-stream": "^3.6.0"
      }
    },
    "pull-stream": {
      "version": "3.6.9",
      "resolved": "https://registry.npmjs.org/pull-stream/-/pull-stream-3.6.9.tgz",
      "integrity": "sha512-hJn4POeBrkttshdNl0AoSCVjMVSuBwuHocMerUdoZ2+oIUzrWHFTwJMlbHND7OiKLVgvz6TFj8ZUVywUMXccbw=="
    }
  }
}
